
Microsoft Visual Studio Solution File, Format Version 12.00
# Visual Studio Version 17
VisualStudioVersion = 17.4.33110.190
MinimumVisualStudioVersion = 10.0.40219.1
Project("{FAE04EC0-301F-11D3-BF4B-00C04F79EFBC}") = "AzureADWeb", "AzureADWeb\AzureADWeb.csproj", "{FE21718B-9EAC-46F4-A0DB-8879C207C52B}"
EndProject
Global
	GlobalSection(SolutionConfigurationPlatforms) = preSolution
		Debug|Any CPU = Debug|Any CPU
		Release|Any CPU = Release|Any CPU
	EndGlobalSection
	GlobalSection(ProjectConfigurationPlatforms) = postSolution
		{FE21718B-9EAC-46F4-A0DB-8879C207C52B}.Debug|Any CPU.ActiveCfg = Debug|Any CPU
		{FE21718B-9EAC-46F4-A0DB-8879C207C52B}.Debug|Any CPU.Build.0 = Debug|Any CPU
		{FE21718B-9EAC-46F4-A0DB-8879C207C52B}.Release|Any CPU.ActiveCfg = Release|Any CPU
		{FE21718B-9EAC-46F4-A0DB-8879C207C52B}.Release|Any CPU.Build.0 = Release|Any CPU
	EndGlobalSection
	GlobalSection(SolutionProperties) = preSolution
		HideSolutionNode = FALSE
	EndGlobalSection
	GlobalSection(ExtensibilityGlobals) = postSolution
		SolutionGuid = {9F9EB48D-DB91-4CD7-838D-04D6C0BE3432}
	EndGlobalSection
EndGlobal
